
Microsoft Visual Studio Solution File, Format Version 12.00
# Visual Studio Version 16
VisualStudioVersion = 16.0.810.8
MinimumVisualStudioVersion = 10.0.40219.1
Project("{FAE04EC0-301F-11D3-BF4B-00C04F79EFBC}") = "PizzariaRest", "PizzariaRest\PizzariaRest.csproj", "{69E28B52-93D8-4BC8-8B68-DF4DD691D08D}"
EndProject
Global
	GlobalSection(SolutionConfigurationPlatforms) = preSolution
		Debug|Any CPU = Debug|Any CPU
		Release|Any CPU = Release|Any CPU
	EndGlobalSection
	GlobalSection(ProjectConfigurationPlatforms) = postSolution
		{69E28B52-93D8-4BC8-8B68-DF4DD691D08D}.Debug|Any CPU.ActiveCfg = Debug|Any CPU
		{69E28B52-93D8-4BC8-8B68-DF4DD691D08D}.Debug|Any CPU.Build.0 = Debug|Any CPU
		{69E28B52-93D8-4BC8-8B68-DF4DD691D08D}.Release|Any CPU.ActiveCfg = Release|Any CPU
		{69E28B52-93D8-4BC8-8B68-DF4DD691D08D}.Release|Any CPU.Build.0 = Release|Any CPU
	EndGlobalSection
	GlobalSection(SolutionProperties) = preSolution
		HideSolutionNode = FALSE
	EndGlobalSection
	GlobalSection(ExtensibilityGlobals) = postSolution
		SolutionGuid = {0B717383-838D-4ABC-BC58-B7A311DD6832}
	EndGlobalSection
EndGlobal
